
Microsoft Visual Studio Solution File, Format Version 12.00
# Visual Studio Version 16
VisualStudioVersion = 16.0.30320.27
MinimumVisualStudioVersion = 10.0.40219.1
Project("{8BC9CEB8-8B4A-11D0-8D11-00A0C91BC942}") = "GamerClicker", "GamerClicker\GamerClicker.vcxproj", "{FAD69715-DA9E-4540-BC5F-EA2549EB0B65}"
EndProject
Project("{54435603-DBB4-11D2-8724-00A0C9A8B90C}") = "GamerClickerSetup", "GamerClickerSetup\GamerClickerSetup.vdproj", "{66A207DE-A399-4865-9184-FD4CC58B358E}"
EndProject
Global
	GlobalSection(SolutionConfigurationPlatforms) = preSolution
		Debug|x64 = Debug|x64
		Debug|x86 = Debug|x86
		Release|x64 = Release|x64
		Release|x86 = Release|x86
	EndGlobalSection
	GlobalSection(ProjectConfigurationPlatforms) = postSolution
		{FAD69715-DA9E-4540-BC5F-EA2549EB0B65}.Debug|x64.ActiveCfg = Release|x64
		{FAD69715-DA9E-4540-BC5F-EA2549EB0B65}.Debug|x64.Build.0 = Release|x64
		{FAD69715-DA9E-4540-BC5F-EA2549EB0B65}.Debug|x86.ActiveCfg = Debug|Win32
		{FAD69715-DA9E-4540-BC5F-EA2549EB0B65}.Debug|x86.Build.0 = Debug|Win32
		{FAD69715-DA9E-4540-BC5F-EA2549EB0B65}.Release|x64.ActiveCfg = Release|x64
		{FAD69715-DA9E-4540-BC5F-EA2549EB0B65}.Release|x64.Build.0 = Release|x64
		{FAD69715-DA9E-4540-BC5F-EA2549EB0B65}.Release|x86.ActiveCfg = Release|Win32
		{FAD69715-DA9E-4540-BC5F-EA2549EB0B65}.Release|x86.Build.0 = Release|Win32
		{66A207DE-A399-4865-9184-FD4CC58B358E}.Debug|x64.ActiveCfg = Release
		{66A207DE-A399-4865-9184-FD4CC58B358E}.Debug|x64.Build.0 = Release
		{66A207DE-A399-4865-9184-FD4CC58B358E}.Debug|x86.ActiveCfg = Debug
		{66A207DE-A399-4865-9184-FD4CC58B358E}.Release|x64.ActiveCfg = Release
		{66A207DE-A399-4865-9184-FD4CC58B358E}.Release|x86.ActiveCfg = Release
	EndGlobalSection
	GlobalSection(SolutionProperties) = preSolution
		HideSolutionNode = FALSE
	EndGlobalSection
	GlobalSection(ExtensibilityGlobals) = postSolution
		SolutionGuid = {0AB93BD0-AFF0-443C-847B-39994F737821}
	EndGlobalSection
EndGlobal
